// !$*UTF8*$!
{
	archiveVersion = 1;
	classes = {
	};
	objectVersion = 46;
	objects = {

/* Begin PBXBuildFile section */
		762255E01888BF6300C07D36 /* Foundation.framework in Frameworks */ = {isa = PBXBuildFile; fileRef = 762255DF1888BF6300C07D36 /* Foundation.framework */; };
		762255E21888BF6300C07D36 /* CoreGraphics.framework in Frameworks */ = {isa = PBXBuildFile; fileRef = 762255E11888BF6300C07D36 /* CoreGraphics.framework */; };
		762255E41888BF6300C07D36 /* UIKit.framework in Frameworks */ = {isa = PBXBuildFile; fileRef = 762255E31888BF6300C07D36 /* UIKit.framework */; };
		762255EA1888BF6300C07D36 /* InfoPlist.strings in Resources */ = {isa = PBXBuildFile; fileRef = 762255E81888BF6300C07D36 /* InfoPlist.strings */; };
		762255EC1888BF6300C07D36 /* main.m in Sources */ = {isa = PBXBuildFile; fileRef = 762255EB1888BF6300C07D36 /* main.m */; };
		762255F01888BF6300C07D36 /* DEAppDelegate.m in Sources */ = {isa = PBXBuildFile; fileRef = 762255EF1888BF6300C07D36 /* DEAppDelegate.m */; };
		762255F21888BF6300C07D36 /* Images.xcassets in Resources */ = {isa = PBXBuildFile; fileRef = 762255F11888BF6300C07D36 /* Images.xcassets */; };
		762255F91888BF6300C07D36 /* XCTest.framework in Frameworks */ = {isa = PBXBuildFile; fileRef = 762255F81888BF6300C07D36 /* XCTest.framework */; };
		762255FA1888BF6300C07D36 /* Foundation.framework in Frameworks */ = {isa = PBXBuildFile; fileRef = 762255DF1888BF6300C07D36 /* Foundation.framework */; };
		762255FB1888BF6300C07D36 /* UIKit.framework in Frameworks */ = {isa = PBXBuildFile; fileRef = 762255E31888BF6300C07D36 /* UIKit.framework */; };
		762256031888BF6300C07D36 /* InfoPlist.strings in Resources */ = {isa = PBXBuildFile; fileRef = 762256011888BF6300C07D36 /* InfoPlist.strings */; };
		762256051888BF6300C07D36 /* OCMockExampleTests.m in Sources */ = {isa = PBXBuildFile; fileRef = 762256041888BF6300C07D36 /* OCMockExampleTests.m */; };
		7622560F1888C0AA00C07D36 /* libOCMock.a in Frameworks */ = {isa = PBXBuildFile; fileRef = 7622560E1888C0AA00C07D36 /* libOCMock.a */; };
		7622561F1888C38B00C07D36 /* DEObject.m in Sources */ = {isa = PBXBuildFile; fileRef = 7622561E1888C38B00C07D36 /* DEObject.m */; };
/* End PBXBuildFile section */

/* Begin PBXContainerItemProxy section */
		762255FC1888BF6300C07D36 /* PBXContainerItemProxy */ = {
			isa = PBXContainerItemProxy;
			containerPortal = 762255D41888BF6300C07D36 /* Project object */;
			proxyType = 1;
			remoteGlobalIDString = 762255DB1888BF6300C07D36;
			remoteInfo = OCMockExample;
		};
/* End PBXContainerItemProxy section */

/* Begin PBXFileReference section */
		762255DC1888BF6300C07D36 /* OCMockExample.app */ = {isa = PBXFileReference; explicitFileType = wrapper.application; includeInIndex = 0; path = OCMockExample.app; sourceTree = BUILT_PRODUCTS_DIR; };
		762255DF1888BF6300C07D36 /* Foundation.framework */ = {isa = PBXFileReference; lastKnownFileType = wrapper.framework; name = Foundation.framework; path = System/Library/Frameworks/Foundation.framework; sourceTree = SDKROOT; };
		762255E11888BF6300C07D36 /* CoreGraphics.framework */ = {isa = PBXFileReference; lastKnownFileType = wrapper.framework; name = CoreGraphics.framework; path = System/Library/Frameworks/CoreGraphics.framework; sourceTree = SDKROOT; };
		762255E31888BF6300C07D36 /* UIKit.framework */ = {isa = PBXFileReference; lastKnownFileType = wrapper.framework; name = UIKit.framework; path = System/Library/Frameworks/UIKit.framework; sourceTree = SDKROOT; };
		762255E71888BF6300C07D36 /* OCMockExample-Info.plist */ = {isa = PBXFileReference; lastKnownFileType = text.plist.xml; path = "OCMockExample-Info.plist"; sourceTree = "<group>"; };
		762255E91888BF6300C07D36 /* en */ = {isa = PBXFileReference; lastKnownFileType = text.plist.strings; name = en; path = en.lproj/InfoPlist.strings; sourceTree = "<group>"; };
		762255EB1888BF6300C07D36 /* main.m */ = {isa = PBXFileReference; lastKnownFileType = sourcecode.c.objc; path = main.m; sourceTree = "<group>"; };
		762255ED1888BF6300C07D36 /* OCMockExample-Prefix.pch */ = {isa = PBXFileReference; lastKnownFileType = sourcecode.c.h; path = "OCMockExample-Prefix.pch"; sourceTree = "<group>"; };
		762255EE1888BF6300C07D36 /* DEAppDelegate.h */ = {isa = PBXFileReference; lastKnownFileType = sourcecode.c.h; path = DEAppDelegate.h; sourceTree = "<group>"; };
		762255EF1888BF6300C07D36 /* DEAppDelegate.m */ = {isa = PBXFileReference; lastKnownFileType = sourcecode.c.objc; path = DEAppDelegate.m; sourceTree = "<group>"; };
		762255F11888BF6300C07D36 /* Images.xcassets */ = {isa = PBXFileReference; lastKnownFileType = folder.assetcatalog; path = Images.xcassets; sourceTree = "<group>"; };
		762255F71888BF6300C07D36 /* OCMockExampleTests.xctest */ = {isa = PBXFileReference; explicitFileType = wrapper.cfbundle; includeInIndex = 0; path = OCMockExampleTests.xctest; sourceTree = BUILT_PRODUCTS_DIR; };
		762255F81888BF6300C07D36 /* XCTest.framework */ = {isa = PBXFileReference; lastKnownFileType = wrapper.framework; name = XCTest.framework; path = Library/Frameworks/XCTest.framework; sourceTree = DEVELOPER_DIR; };
		762256001888BF6300C07D36 /* OCMockExampleTests-Info.plist */ = {isa = PBXFileReference; lastKnownFileType = text.plist.xml; path = "OCMockExampleTests-Info.plist"; sourceTree = "<group>"; };
		762256021888BF6300C07D36 /* en */ = {isa = PBXFileReference; lastKnownFileType = text.plist.strings; name = en; path = en.lproj/InfoPlist.strings; sourceTree = "<group>"; };
		762256041888BF6300C07D36 /* OCMockExampleTests.m */ = {isa = PBXFileReference; lastKnownFileType = sourcecode.c.objc; path = OCMockExampleTests.m; sourceTree = "<group>"; };
		7622560E1888C0AA00C07D36 /* libOCMock.a */ = {isa = PBXFileReference; lastKnownFileType = archive.ar; name = libOCMock.a; path = usr/lib/libOCMock.a; sourceTree = "<group>"; };
		762256171888C26A00C07D36 /* NSNotificationCenter+OCMAdditions.h */ = {isa = PBXFileReference; lastKnownFileType = sourcecode.c.h; path = "NSNotificationCenter+OCMAdditions.h"; sourceTree = "<group>"; };
		762256181888C26A00C07D36 /* OCMArg.h */ = {isa = PBXFileReference; lastKnownFileType = sourcecode.c.h; path = OCMArg.h; sourceTree = "<group>"; };
		762256191888C26A00C07D36 /* OCMConstraint.h */ = {isa = PBXFileReference; lastKnownFileType = sourcecode.c.h; path = OCMConstraint.h; sourceTree = "<group>"; };
		7622561A1888C26A00C07D36 /* OCMock.h */ = {isa = PBXFileReference; lastKnownFileType = sourcecode.c.h; path = OCMock.h; sourceTree = "<group>"; };
		7622561B1888C26A00C07D36 /* OCMockObject.h */ = {isa = PBXFileReference; lastKnownFileType = sourcecode.c.h; path = OCMockObject.h; sourceTree = "<group>"; };
		7622561C1888C26A00C07D36 /* OCMockRecorder.h */ = {isa = PBXFileReference; lastKnownFileType = sourcecode.c.h; path = OCMockRecorder.h; sourceTree = "<group>"; };
		7622561D1888C38B00C07D36 /* DEObject.h */ = {isa = PBXFileReference; fileEncoding = 4; lastKnownFileType = sourcecode.c.h; path = DEObject.h; sourceTree = "<group>"; };
		7622561E1888C38B00C07D36 /* DEObject.m */ = {isa = PBXFileReference; fileEncoding = 4; lastKnownFileType = sourcecode.c.objc; path = DEObject.m; sourceTree = "<group>"; };
/* End PBXFileReference section */

/* Begin PBXFrameworksBuildPhase section */
		762255D91888BF6300C07D36 /* Frameworks */ = {
			isa = PBXFrameworksBuildPhase;
			buildActionMask = 2147483647;
			files = (
				762255E21888BF6300C07D36 /* CoreGraphics.framework in Frameworks */,
				762255E41888BF6300C07D36 /* UIKit.framework in Frameworks */,
				762255E01888BF6300C07D36 /* Foundation.framework in Frameworks */,
			);
			runOnlyForDeploymentPostprocessing = 0;
		};
		762255F41888BF6300C07D36 /* Frameworks */ = {
			isa = PBXFrameworksBuildPhase;
			buildActionMask = 2147483647;
			files = (
				7622560F1888C0AA00C07D36 /* libOCMock.a in Frameworks */,
				762255F91888BF6300C07D36 /* XCTest.framework in Frameworks */,
				762255FB1888BF6300C07D36 /* UIKit.framework in Frameworks */,
				762255FA1888BF6300C07D36 /* Foundation.framework in Frameworks */,
			);
			runOnlyForDeploymentPostprocessing = 0;
		};
/* End PBXFrameworksBuildPhase section */

/* Begin PBXGroup section */
		762255D31888BF6300C07D36 = {
			isa = PBXGroup;
			children = (
				762255E51888BF6300C07D36 /* OCMockExample */,
				762255FE1888BF6300C07D36 /* OCMockExampleTests */,
				762255DE1888BF6300C07D36 /* Frameworks */,
				762255DD1888BF6300C07D36 /* Products */,
			);
			sourceTree = "<group>";
		};
		762255DD1888BF6300C07D36 /* Products */ = {
			isa = PBXGroup;
			children = (
				762255DC1888BF6300C07D36 /* OCMockExample.app */,
				762255F71888BF6300C07D36 /* OCMockExampleTests.xctest */,
			);
			name = Products;
			sourceTree = "<group>";
		};
		762255DE1888BF6300C07D36 /* Frameworks */ = {
			isa = PBXGroup;
			children = (
				7622560E1888C0AA00C07D36 /* libOCMock.a */,
				762255DF1888BF6300C07D36 /* Foundation.framework */,
				762255E11888BF6300C07D36 /* CoreGraphics.framework */,
				762255E31888BF6300C07D36 /* UIKit.framework */,
				762255F81888BF6300C07D36 /* XCTest.framework */,
			);
			name = Frameworks;
			sourceTree = "<group>";
		};
		762255E51888BF6300C07D36 /* OCMockExample */ = {
			isa = PBXGroup;
			children = (
				762255EE1888BF6300C07D36 /* DEAppDelegate.h */,
				762255EF1888BF6300C07D36 /* DEAppDelegate.m */,
				762255F11888BF6300C07D36 /* Images.xcassets */,
				762255E61888BF6300C07D36 /* Supporting Files */,
				7622561D1888C38B00C07D36 /* DEObject.h */,
				7622561E1888C38B00C07D36 /* DEObject.m */,
			);
			path = OCMockExample;
			sourceTree = "<group>";
		};
		762255E61888BF6300C07D36 /* Supporting Files */ = {
			isa = PBXGroup;
			children = (
				762255E71888BF6300C07D36 /* OCMockExample-Info.plist */,
				762255E81888BF6300C07D36 /* InfoPlist.strings */,
				762255EB1888BF6300C07D36 /* main.m */,
				762255ED1888BF6300C07D36 /* OCMockExample-Prefix.pch */,
			);
			name = "Supporting Files";
			sourceTree = "<group>";
		};
		762255FE1888BF6300C07D36 /* OCMockExampleTests */ = {
			isa = PBXGroup;
			children = (
				762256161888C26A00C07D36 /* OCMock */,
				762256041888BF6300C07D36 /* OCMockExampleTests.m */,
				762255FF1888BF6300C07D36 /* Supporting Files */,
			);
			path = OCMockExampleTests;
			sourceTree = "<group>";
		};
		762255FF1888BF6300C07D36 /* Supporting Files */ = {
			isa = PBXGroup;
			children = (
				762256001888BF6300C07D36 /* OCMockExampleTests-Info.plist */,
				762256011888BF6300C07D36 /* InfoPlist.strings */,
			);
			name = "Supporting Files";
			sourceTree = "<group>";
		};
		762256161888C26A00C07D36 /* OCMock */ = {
			isa = PBXGroup;
			children = (
				762256171888C26A00C07D36 /* NSNotificationCenter+OCMAdditions.h */,
				762256181888C26A00C07D36 /* OCMArg.h */,
				762256191888C26A00C07D36 /* OCMConstraint.h */,
				7622561A1888C26A00C07D36 /* OCMock.h */,
				7622561B1888C26A00C07D36 /* OCMockObject.h */,
				7622561C1888C26A00C07D36 /* OCMockRecorder.h */,
			);
			name = OCMock;
			path = usr/include/OCMock;
			sourceTree = SOURCE_ROOT;
		};
/* End PBXGroup section */

/* Begin PBXNativeTarget section */
		762255DB1888BF6300C07D36 /* OCMockExample */ = {
			isa = PBXNativeTarget;
			buildConfigurationList = 762256081888BF6300C07D36 /* Build configuration list for PBXNativeTarget "OCMockExample" */;
			buildPhases = (
				762255D81888BF6300C07D36 /* Sources */,
				762255D91888BF6300C07D36 /* Frameworks */,
				762255DA1888BF6300C07D36 /* Resources */,
			);
			buildRules = (
			);
			dependencies = (
			);
			name = OCMockExample;
			productName = OCMockExample;
			productReference = 762255DC1888BF6300C07D36 /* OCMockExample.app */;
			productType = "com.apple.product-type.application";
		};
		762255F61888BF6300C07D36 /* OCMockExampleTests */ = {
			isa = PBXNativeTarget;
			buildConfigurationList = 7622560B1888BF6300C07D36 /* Build configuration list for PBXNativeTarget "OCMockExampleTests" */;
			buildPhases = (
				762255F31888BF6300C07D36 /* Sources */,
				762255F41888BF6300C07D36 /* Frameworks */,
				762255F51888BF6300C07D36 /* Resources */,
			);
			buildRules = (
			);
			dependencies = (
				762255FD1888BF6300C07D36 /* PBXTargetDependency */,
			);
			name = OCMockExampleTests;
			productName = OCMockExampleTests;
			productReference = 762255F71888BF6300C07D36 /* OCMockExampleTests.xctest */;
			productType = "com.apple.product-type.bundle.unit-test";
		};
/* End PBXNativeTarget section */

/* Begin PBXProject section */
		762255D41888BF6300C07D36 /* Project object */ = {
			isa = PBXProject;
			attributes = {
				CLASSPREFIX = DE;
				LastUpgradeCheck = 0500;
				ORGANIZATIONNAME = "Double Encore, Inc.";
				TargetAttributes = {
					762255F61888BF6300C07D36 = {
						TestTargetID = 762255DB1888BF6300C07D36;
					};
				};
			};
			buildConfigurationList = 762255D71888BF6300C07D36 /* Build configuration list for PBXProject "OCMockExample" */;
			compatibilityVersion = "Xcode 3.2";
			developmentRegion = English;
			hasScannedForEncodings = 0;
			knownRegions = (
				en,
			);
			mainGroup = 762255D31888BF6300C07D36;
			productRefGroup = 762255DD1888BF6300C07D36 /* Products */;
			projectDirPath = "";
			projectRoot = "";
			targets = (
				762255DB1888BF6300C07D36 /* OCMockExample */,
				762255F61888BF6300C07D36 /* OCMockExampleTests */,
			);
		};
/* End PBXProject section */

/* Begin PBXResourcesBuildPhase section */
		762255DA1888BF6300C07D36 /* Resources */ = {
			isa = PBXResourcesBuildPhase;
			buildActionMask = 2147483647;
			files = (
				762255EA1888BF6300C07D36 /* InfoPlist.strings in Resources */,
				762255F21888BF6300C07D36 /* Images.xcassets in Resources */,
			);
			runOnlyForDeploymentPostprocessing = 0;
		};
		762255F51888BF6300C07D36 /* Resources */ = {
			isa = PBXResourcesBuildPhase;
			buildActionMask = 2147483647;
			files = (
				762256031888BF6300C07D36 /* InfoPlist.strings in Resources */,
			);
			runOnlyForDeploymentPostprocessing = 0;
		};
/* End PBXResourcesBuildPhase section */

/* Begin PBXSourcesBuildPhase section */
		762255D81888BF6300C07D36 /* Sources */ = {
			isa = PBXSourcesBuildPhase;
			buildActionMask = 2147483647;
			files = (
				7622561F1888C38B00C07D36 /* DEObject.m in Sources */,
				762255EC1888BF6300C07D36 /* main.m in Sources */,
				762255F01888BF6300C07D36 /* DEAppDelegate.m in Sources */,
			);
			runOnlyForDeploymentPostprocessing = 0;
		};
		762255F31888BF6300C07D36 /* Sources */ = {
			isa = PBXSourcesBuildPhase;
			buildActionMask = 2147483647;
			files = (
				762256051888BF6300C07D36 /* OCMockExampleTests.m in Sources */,
			);
			runOnlyForDeploymentPostprocessing = 0;
		};
/* End PBXSourcesBuildPhase section */

/* Begin PBXTargetDependency section */
		762255FD1888BF6300C07D36 /* PBXTargetDependency */ = {
			isa = PBXTargetDependency;
			target = 762255DB1888BF6300C07D36 /* OCMockExample */;
			targetProxy = 762255FC1888BF6300C07D36 /* PBXContainerItemProxy */;
		};
/* End PBXTargetDependency section */

/* Begin PBXVariantGroup section */
		762255E81888BF6300C07D36 /* InfoPlist.strings */ = {
			isa = PBXVariantGroup;
			children = (
				762255E91888BF6300C07D36 /* en */,
			);
			name = InfoPlist.strings;
			sourceTree = "<group>";
		};
		762256011888BF6300C07D36 /* InfoPlist.strings */ = {
			isa = PBXVariantGroup;
			children = (
				762256021888BF6300C07D36 /* en */,
			);
			name = InfoPlist.strings;
			sourceTree = "<group>";
		};
/* End PBXVariantGroup section */

/* Begin XCBuildConfiguration section */
		762256061888BF6300C07D36 /* Debug */ = {
			isa = XCBuildConfiguration;
			buildSettings = {
				ALWAYS_SEARCH_USER_PATHS = NO;
				ARCHS = "$(ARCHS_STANDARD_INCLUDING_64_BIT)";
				CLANG_CXX_LANGUAGE_STANDARD = "gnu++0x";
				CLANG_CXX_LIBRARY = "libc++";
				CLANG_ENABLE_MODULES = YES;
				CLANG_ENABLE_OBJC_ARC = YES;
				CLANG_WARN_BOOL_CONVERSION = YES;
				CLANG_WARN_CONSTANT_CONVERSION = YES;
				CLANG_WARN_DIRECT_OBJC_ISA_USAGE = YES_ERROR;
				CLANG_WARN_EMPTY_BODY = YES;
				CLANG_WARN_ENUM_CONVERSION = YES;
				CLANG_WARN_INT_CONVERSION = YES;
				CLANG_WARN_OBJC_ROOT_CLASS = YES_ERROR;
				CLANG_WARN__DUPLICATE_METHOD_MATCH = YES;
				"CODE_SIGN_IDENTITY[sdk=iphoneos*]" = "iPhone Developer";
				COPY_PHASE_STRIP = NO;
				GCC_C_LANGUAGE_STANDARD = gnu99;
				GCC_DYNAMIC_NO_PIC = NO;
				GCC_OPTIMIZATION_LEVEL = 0;
				GCC_PREPROCESSOR_DEFINITIONS = (
					"DEBUG=1",
					"$(inherited)",
				);
				GCC_SYMBOLS_PRIVATE_EXTERN = NO;
				GCC_WARN_64_TO_32_BIT_CONVERSION = YES;
				GCC_WARN_ABOUT_RETURN_TYPE = YES_ERROR;
				GCC_WARN_UNDECLARED_SELECTOR = YES;
				GCC_WARN_UNINITIALIZED_AUTOS = YES;
				GCC_WARN_UNUSED_FUNCTION = YES;
				GCC_WARN_UNUSED_VARIABLE = YES;
				IPHONEOS_DEPLOYMENT_TARGET = 7.0;
				ONLY_ACTIVE_ARCH = YES;
				SDKROOT = iphoneos;
			};
			name = Debug;
		};
		762256071888BF6300C07D36 /* Release */ = {
			isa = XCBuildConfiguration;
			buildSettings = {
				ALWAYS_SEARCH_USER_PATHS = NO;
				ARCHS = "$(ARCHS_STANDARD_INCLUDING_64_BIT)";
				CLANG_CXX_LANGUAGE_STANDARD = "gnu++0x";
				CLANG_CXX_LIBRARY = "libc++";
				CLANG_ENABLE_MODULES = YES;
				CLANG_ENABLE_OBJC_ARC = YES;
				CLANG_WARN_BOOL_CONVERSION = YES;
				CLANG_WARN_CONSTANT_CONVERSION = YES;
				CLANG_WARN_DIRECT_OBJC_ISA_USAGE = YES_ERROR;
				CLANG_WARN_EMPTY_BODY = YES;
				CLANG_WARN_ENUM_CONVERSION = YES;
				CLANG_WARN_INT_CONVERSION = YES;
				CLANG_WARN_OBJC_ROOT_CLASS = YES_ERROR;
				CLANG_WARN__DUPLICATE_METHOD_MATCH = YES;
				"CODE_SIGN_IDENTITY[sdk=iphoneos*]" = "iPhone Developer";
				COPY_PHASE_STRIP = YES;
				ENABLE_NS_ASSERTIONS = NO;
				GCC_C_LANGUAGE_STANDARD = gnu99;
				GCC_WARN_64_TO_32_BIT_CONVERSION = YES;
				GCC_WARN_ABOUT_RETURN_TYPE = YES_ERROR;
				GCC_WARN_UNDECLARED_SELECTOR = YES;
				GCC_WARN_UNINITIALIZED_AUTOS = YES;
				GCC_WARN_UNUSED_FUNCTION = YES;
				GCC_WARN_UNUSED_VARIABLE = YES;
				IPHONEOS_DEPLOYMENT_TARGET = 7.0;
				SDKROOT = iphoneos;
				VALIDATE_PRODUCT = YES;
			};
			name = Release;
		};
		762256091888BF6300C07D36 /* Debug */ = {
			isa = XCBuildConfiguration;
			buildSettings = {
				ASSETCATALOG_COMPILER_APPICON_NAME = AppIcon;
				ASSETCATALOG_COMPILER_LAUNCHIMAGE_NAME = LaunchImage;
				GCC_PRECOMPILE_PREFIX_HEADER = YES;
				GCC_PREFIX_HEADER = "OCMockExample/OCMockExample-Prefix.pch";
				INFOPLIST_FILE = "OCMockExample/OCMockExample-Info.plist";
				PRODUCT_NAME = "$(TARGET_NAME)";
				WRAPPER_EXTENSION = app;
			};
			name = Debug;
		};
		7622560A1888BF6300C07D36 /* Release */ = {
			isa = XCBuildConfiguration;
			buildSettings = {
				ASSETCATALOG_COMPILER_APPICON_NAME = AppIcon;
				ASSETCATALOG_COMPILER_LAUNCHIMAGE_NAME = LaunchImage;
				GCC_PRECOMPILE_PREFIX_HEADER = YES;
				GCC_PREFIX_HEADER = "OCMockExample/OCMockExample-Prefix.pch";
				INFOPLIST_FILE = "OCMockExample/OCMockExample-Info.plist";
				PRODUCT_NAME = "$(TARGET_NAME)";
				WRAPPER_EXTENSION = app;
			};
			name = Release;
		};
		7622560C1888BF6300C07D36 /* Debug */ = {
			isa = XCBuildConfiguration;
			buildSettings = {
				ARCHS = "$(ARCHS_STANDARD_INCLUDING_64_BIT)";
				BUNDLE_LOADER = "$(BUILT_PRODUCTS_DIR)/OCMockExample.app/OCMockExample";
				FRAMEWORK_SEARCH_PATHS = (
					"$(SDKROOT)/Developer/Library/Frameworks",
					"$(inherited)",
					"$(DEVELOPER_FRAMEWORKS_DIR)",
				);
				GCC_PRECOMPILE_PREFIX_HEADER = YES;
				GCC_PREFIX_HEADER = "OCMockExample/OCMockExample-Prefix.pch";
				GCC_PREPROCESSOR_DEFINITIONS = (
					"DEBUG=1",
					"$(inherited)",
				);
				HEADER_SEARCH_PATHS = (
					"$(inherited)",
					/Applications/Xcode.app/Contents/Developer/Toolchains/XcodeDefault.xctoolchain/usr/include,
					"$(SRCROOT)/usr/include",
				);
				INFOPLIST_FILE = "OCMockExampleTests/OCMockExampleTests-Info.plist";
				LIBRARY_SEARCH_PATHS = (
					"$(inherited)",
					/Users/cbv/Development/OCMockExample/usr/lib,
				);
				OTHER_LDFLAGS = (
					"$(inherited)",
					"-framework",
					XCTest,
					"-force_load",
					"\"$(SRCROOT)/usr/lib/libOCMock.a\"",
					"-ObjC",
				);
				PRODUCT_NAME = "$(TARGET_NAME)";
				TEST_HOST = "$(BUNDLE_LOADER)";
				WRAPPER_EXTENSION = xctest;
			};
			name = Debug;
		};
		7622560D1888BF6300C07D36 /* Release */ = {
			isa = XCBuildConfiguration;
			buildSettings = {
				ARCHS = "$(ARCHS_STANDARD_INCLUDING_64_BIT)";
				BUNDLE_LOADER = "$(BUILT_PRODUCTS_DIR)/OCMockExample.app/OCMockExample";
				FRAMEWORK_SEARCH_PATHS = (
					"$(SDKROOT)/Developer/Library/Frameworks",
					"$(inherited)",
					"$(DEVELOPER_FRAMEWORKS_DIR)",
				);
				GCC_PRECOMPILE_PREFIX_HEADER = YES;
				GCC_PREFIX_HEADER = "OCMockExample/OCMockExample-Prefix.pch";
				HEADER_SEARCH_PATHS = (
					"$(inherited)",
					/Applications/Xcode.app/Contents/Developer/Toolchains/XcodeDefault.xctoolchain/usr/include,
					"$(SRCROOT)/usr/include",
				);
				INFOPLIST_FILE = "OCMockExampleTests/OCMockExampleTests-Info.plist";
				LIBRARY_SEARCH_PATHS = (
					"$(inherited)",
					/Users/cbv/Development/OCMockExample/usr/lib,
				);
				OTHER_LDFLAGS = (
					"$(inherited)",
					"-framework",
					XCTest,
					"-force_load",
					"\"$(SRCROOT)/usr/lib/libOCMock.a\"",
					"-ObjC",
				);
				PRODUCT_NAME = "$(TARGET_NAME)";
				TEST_HOST = "$(BUNDLE_LOADER)";
				WRAPPER_EXTENSION = xctest;
			};
			name = Release;
		};
/* End XCBuildConfiguration section */

/* Begin XCConfigurationList section */
		762255D71888BF6300C07D36 /* Build configuration list for PBXProject "OCMockExample" */ = {
			isa = XCConfigurationList;
			buildConfigurations = (
				762256061888BF6300C07D36 /* Debug */,
				762256071888BF6300C07D36 /* Release */,
			);
			defaultConfigurationIsVisible = 0;
			defaultConfigurationName = Release;
		};
		762256081888BF6300C07D36 /* Build configuration list for PBXNativeTarget "OCMockExample" */ = {
			isa = XCConfigurationList;
			buildConfigurations = (
				762256091888BF6300C07D36 /* Debug */,
				7622560A1888BF6300C07D36 /* Release */,
			);
			defaultConfigurationIsVisible = 0;
		};
		7622560B1888BF6300C07D36 /* Build configuration list for PBXNativeTarget "OCMockExampleTests" */ = {
			isa = XCConfigurationList;
			buildConfigurations = (
				7622560C1888BF6300C07D36 /* Debug */,
				7622560D1888BF6300C07D36 /* Release */,
			);
			defaultConfigurationIsVisible = 0;
		};
/* End XCConfigurationList section */
	};
	rootObject = 762255D41888BF6300C07D36 /* Project object */;
}
